
Microsoft Visual Studio Solution File, Format Version 12.00
# Visual Studio Version 16
VisualStudioVersion = 16.0.28922.388
MinimumVisualStudioVersion = 10.0.40219.1
Project("{FAE04EC0-301F-11D3-BF4B-00C04F79EFBC}") = "Epayment", "jurnal\Epayment.csproj", "{519E1AB1-FB6F-48D6-85B7-6804AE27DAB3}"
EndProject
Global
	GlobalSection(SolutionConfigurationPlatforms) = preSolution
		Debug|Any CPU = Debug|Any CPU
		Release|Any CPU = Release|Any CPU
	EndGlobalSection
	GlobalSection(ProjectConfigurationPlatforms) = postSolution
		{519E1AB1-FB6F-48D6-85B7-6804AE27DAB3}.Debug|Any CPU.ActiveCfg = Debug|Any CPU
		{519E1AB1-FB6F-48D6-85B7-6804AE27DAB3}.Debug|Any CPU.Build.0 = Debug|Any CPU
		{519E1AB1-FB6F-48D6-85B7-6804AE27DAB3}.Release|Any CPU.ActiveCfg = Release|Any CPU
		{519E1AB1-FB6F-48D6-85B7-6804AE27DAB3}.Release|Any CPU.Build.0 = Release|Any CPU
	EndGlobalSection
	GlobalSection(SolutionProperties) = preSolution
		HideSolutionNode = FALSE
	EndGlobalSection
	GlobalSection(ExtensibilityGlobals) = postSolution
		SolutionGuid = {6305BEA8-6556-4B79-B90F-CF598831BFF5}
	EndGlobalSection
EndGlobal
